# Generated for the GitHub Actions CPython 3.12 Linux environment.
# Regenerate from requirements.txt with a reviewed resolver; do not edit hashes by hand.
annotated-types==0.8.0 --hash=sha256:f072f4d804ea359e4eaf198b1af7a8b0943881a87f31bb764f8bf219bb9419e0
anyio==4.15.1 --hash=sha256:6152fdbbf9a77fdec97731721bebf7c4c44f7c29b424b0065826173efc7ed101
atproto==0.0.71 --hash=sha256:2054cb1f3bb882f5db6face7f427216119cc3002f3735871056c72cad778f96a
breadability==0.1.21 --hash=sha256:f74c449d342efb59478ba8573d9f84c53f3d58f13772a29b32cfdedc2e727e1b
certifi==2026.7.22 --hash=sha256:62f22742b58a1a33014a2b6b706588a8d7e2a88ae7bd1a6ebe8c992928483775
cffi==2.1.1 --hash=sha256:c1453022f490d2459a11819d83ad1d586e9ff65a12ac3e705ffebd46d3685dcf
chardet==7.6.0 --hash=sha256:2cf0adaca8b1c4bacfade9d0a1e4f8f70b1bb122833d6f07ab90e3adc84eb13a
charset-normalizer==3.5.1 --hash=sha256:b9af956078716df40d985fb0dfeb2c2120c5ca92ba4ff4b388acfd01cdc14d08
click==8.5.0 --hash=sha256:255bc9599cf7748b4b1a446ccc735421bd08a2ae529a8b88597d3de5664ee360
cloudpickle==3.1.2 --hash=sha256:9acb47f6afd73f60dc1df93bb801b472f05ff42fa6c84167d25cb206be1fbf4a
cryptography==50.0.1 --hash=sha256:51afcfceb15597cf2635068e4ac9a56b2abde622edde17f37d85fd7b5306497a
defusedxml==0.7.1 --hash=sha256:a352e7e428770286cc899e2542b6cdaedb2b4953ff269a210103ec58f6198a61
dnspython==2.8.0 --hash=sha256:01d9bbc4a2d76bf0db7c1f729812ded6d912bd318d3b1cf81d30c0f845dbf3af
docopt==0.6.2 --hash=sha256:49b3a825280bd66b3aa83585ef59c4a8c82f2c8a522dbe754a8bc8d08c85c491
docopt-ng==0.9.0 --hash=sha256:bfe4c8b03f9fca424c24ee0b4ffa84bf7391cb18c29ce0f6a8227a3b01b81ff9
feedparser==6.0.14 --hash=sha256:e35e3f760151b0c3b22cac9684155cae186a233e16c49bcbc6c49e91e3131137
feedparser-sgmllib==2.1.0 --hash=sha256:2cab2d43b95a954f920f18aebce7a4dbbb3f539780b127e2aa114f579821e01d
h11==0.16.0 --hash=sha256:63cf8bbe7522de3bf65932fda1d9c2772064ffb3dae62d55932da54b31cb6c86
httpcore==1.0.9 --hash=sha256:2d400746a40668fc9dec9810239072b40b4484b640a8c38fd654a024c7a1bf55
httpcore2==2.12.0 --hash=sha256:7e04258ce01013d7d615e5b910a3b27fac937d7a95038227e79652b4ba3b4ceb
httpx==0.28.1 --hash=sha256:d909fcccc110f8c7faf814ca82a9a4d816bc5a6dbfea25d6591d6985b8ba59ad
httpx2==2.12.0 --hash=sha256:cc8b6eecb8661c146b8f89a60e97456ee086e91a784ed31ac450c3a9e613dd36
idna==3.19 --hash=sha256:815e7be7a7806d54abb586dc943addc79e8b2ee16915059658cbeff4b1b43bf4
jiter==0.16.0 --hash=sha256:46add52f4ad47a08bfb1219f3e673da972191489a33016edefdb5ea55bfa8c48
joblib==1.6.0 --hash=sha256:3dbbf9f6e4b592a2357b854608e980fe6390d131d7a82f011a377ef2ebef7aba
libipld==3.4.1 --hash=sha256:a8ab5bbf4ee79f9522911c8f273f7f0195a4443c1b247349033af93725b5e09f
lxml==6.1.3 --hash=sha256:909f4e927bb051f7740d6367285fc60cdcfdaf0258c2dba4ff5ba7eadadc250c
lxml_html_clean==0.4.5 --hash=sha256:c76fcadd1e5bfb9b8bafc2200d51e4e78eb0dad67f56881c21dfb6484c7e7746
nltk==3.10.3 --hash=sha256:ff9598a8e20518ee0d557745890cc4435b9578489e2dcbc69c4f81fa060caf7c
numpy==2.5.3 --hash=sha256:b7e18c623bb5c95acb3b3328861272816ba199fb531921c5d6d0b675f1fde9e3
oauthlib==3.3.1 --hash=sha256:88119c938d2b8fb88561af5f6ee0eec8cc8d552b7bb1f712743136eb7523b7a1
openai==3.10.0 --hash=sha256:d1f307d866c7d12872809aeb68b7d1a085b49c2656787eae7c39ba381a41ad0d
pycountry==26.2.16 --hash=sha256:115c4baf7cceaa30f59a4694d79483c9167dbce7a9de4d3d571c5f3ea77c305a
pycparser==3.0 --hash=sha256:b727414169a36b7d524c1c3e31839a521725078d7b2ff038656844266160a992
pydantic==2.13.5 --hash=sha256:346a034f080da3755d8e9cb5e00e8b07de1d39e4f6e2c87d8ab7cafa0b269a73
pydantic-core==2.46.5 --hash=sha256:0fc5be0abd4a407e200d844b404e33639a554e7bd0d448e7b9ae181be4789ac2
python-dotenv==1.2.3 --hash=sha256:904552145e8bfed22162c09dab1c2b9b54fefa7b23ba780f4f26ca0316b0f0d9
python-frontmatter==1.3.0 --hash=sha256:9f7dd9260bec99044219159a329f64f039087f9d1a2124c9442556f2fe6f82ec
PyYAML==6.0.3 --hash=sha256:ba1cc08a7ccde2d2ec775841541641e4548226580ab850948cbfda66a1befcdc
regex==2026.9.3 --hash=sha256:665207e41bacd435db001099eeab44103197c2c1a729d73ade74688a905ed4ce
requests==2.34.2 --hash=sha256:2a0d60c172f83ac6ab31e4554906c0f3b3588d37b5cb939b1c061f4907e278e0
requests-oauthlib==2.0.0 --hash=sha256:7dd8a5c40426b779b0868c404bdef9768deccf22749cde15852df527e6269b36
scipy==1.18.1 --hash=sha256:f55fa87b6c612ecd6b058f167c53231b1d14e412efe361d3d6e38b3631c73218
setuptools==81.0.0 --hash=sha256:fdd925d5c5d9f62e4b74b30d6dd7828ce236fd6ed998a08d81de62ce5a6310d6
sniffio==1.3.1 --hash=sha256:2f6da418d1f1e0fddd844478f41680e794e6051915791a034ff65e5f100525a2
sumy==0.13.0 --hash=sha256:ec4ae798e74e68cc380991e88e8c91ad6c7e12034818044339b9b208130eab7e
tqdm==4.70.0 --hash=sha256:7f585706bfddbdebf89daac705b2dfcc16890130727d3197ca62c732b4310953
truststore==0.10.4 --hash=sha256:adaeaecf1cbb5f4de3b1959b42d41f6fab57b2b1666adb59e89cb0b53361d981
tweepy==4.17.0 --hash=sha256:1244d7f2959091542f8e4a2c0c4256294e3beb69c0aa26eaf634b126d81eee49
typing-extensions==4.16.0 --hash=sha256:481caa481374e813c1b176ada14e97f1f67a4539ce9cfeb3f350d78d6370c2e8
typing-inspection==0.4.4 --hash=sha256:65b8397ba37ccbce054456aaccddfc91e6e3083c92824df348d96ca832f3f147
urllib3==2.7.0 --hash=sha256:9fb4c81ebbb1ce9531cce37674bbc6f1360472bc18ca9a553ede278ef7276897
websockets==17.1 --hash=sha256:0c863507ada5805517ca6dff1c524dcd42942efe6304dacf06700878398d21a6
zstandard==0.25.0 --hash=sha256:5a56ba0db2d244117ed744dfa8f6f5b366e14148e00de44723413b2f3938a902
